
Microsoft Visual Studio Solution File, Format Version 12.00
# Visual Studio Version 16
VisualStudioVersion = 16.0.31515.178
MinimumVisualStudioVersion = 10.0.40219.1
Project("{FAE04EC0-301F-11D3-BF4B-00C04F79EFBC}") = "Data", "Data\Data.csproj", "{ABC2BD96-FB83-4C2A-B17E-2600D9C40308}"
	ProjectSection(ProjectDependencies) = postProject
		{D8F7A279-B1E8-4F9C-87BC-26BB95131F24} = {D8F7A279-B1E8-4F9C-87BC-26BB95131F24}
	EndProjectSection
EndProject
Project("{FAE04EC0-301F-11D3-BF4B-00C04F79EFBC}") = "Model", "Model\Model.csproj", "{D8F7A279-B1E8-4F9C-87BC-26BB95131F24}"
EndProject
Project("{FAE04EC0-301F-11D3-BF4B-00C04F79EFBC}") = "Api", "Api\Api.csproj", "{50A797C1-4361-4A1F-A710-F8284A5D61B0}"
	ProjectSection(ProjectDependencies) = postProject
		{D8F7A279-B1E8-4F9C-87BC-26BB95131F24} = {D8F7A279-B1E8-4F9C-87BC-26BB95131F24}
		{ABC2BD96-FB83-4C2A-B17E-2600D9C40308} = {ABC2BD96-FB83-4C2A-B17E-2600D9C40308}
	EndProjectSection
EndProject
Global
	GlobalSection(SolutionConfigurationPlatforms) = preSolution
		Debug|Any CPU = Debug|Any CPU
		Release|Any CPU = Release|Any CPU
	EndGlobalSection
	GlobalSection(ProjectConfigurationPlatforms) = postSolution
		{ABC2BD96-FB83-4C2A-B17E-2600D9C40308}.Debug|Any CPU.ActiveCfg = Debug|Any CPU
		{ABC2BD96-FB83-4C2A-B17E-2600D9C40308}.Debug|Any CPU.Build.0 = Debug|Any CPU
		{ABC2BD96-FB83-4C2A-B17E-2600D9C40308}.Release|Any CPU.ActiveCfg = Release|Any CPU
		{ABC2BD96-FB83-4C2A-B17E-2600D9C40308}.Release|Any CPU.Build.0 = Release|Any CPU
		{D8F7A279-B1E8-4F9C-87BC-26BB95131F24}.Debug|Any CPU.ActiveCfg = Debug|Any CPU
		{D8F7A279-B1E8-4F9C-87BC-26BB95131F24}.Debug|Any CPU.Build.0 = Debug|Any CPU
		{D8F7A279-B1E8-4F9C-87BC-26BB95131F24}.Release|Any CPU.ActiveCfg = Release|Any CPU
		{D8F7A279-B1E8-4F9C-87BC-26BB95131F24}.Release|Any CPU.Build.0 = Release|Any CPU
		{50A797C1-4361-4A1F-A710-F8284A5D61B0}.Debug|Any CPU.ActiveCfg = Debug|Any CPU
		{50A797C1-4361-4A1F-A710-F8284A5D61B0}.Debug|Any CPU.Build.0 = Debug|Any CPU
		{50A797C1-4361-4A1F-A710-F8284A5D61B0}.Release|Any CPU.ActiveCfg = Release|Any CPU
		{50A797C1-4361-4A1F-A710-F8284A5D61B0}.Release|Any CPU.Build.0 = Release|Any CPU
	EndGlobalSection
	GlobalSection(SolutionProperties) = preSolution
		HideSolutionNode = FALSE
	EndGlobalSection
	GlobalSection(ExtensibilityGlobals) = postSolution
		SolutionGuid = {63A454D3-CEBC-4EEC-A653-47A6DA72E220}
	EndGlobalSection
EndGlobal
